
Microsoft Visual Studio Solution File, Format Version 12.00
Project("{FAE04EC0-301F-11D3-BF4B-00C04F79EFBC}") = "CustomTest", "CustomTest\CustomTest.csproj", "{22E42A75-5547-4136-8192-26EF598494FD}"
EndProject
Global
	GlobalSection(SolutionConfigurationPlatforms) = preSolution
		Debug|Any CPU = Debug|Any CPU
		Release|Any CPU = Release|Any CPU
	EndGlobalSection
	GlobalSection(ProjectConfigurationPlatforms) = postSolution
		{22E42A75-5547-4136-8192-26EF598494FD}.Debug|Any CPU.ActiveCfg = Debug|Any CPU
		{22E42A75-5547-4136-8192-26EF598494FD}.Debug|Any CPU.Build.0 = Debug|Any CPU
		{22E42A75-5547-4136-8192-26EF598494FD}.Release|Any CPU.ActiveCfg = Release|Any CPU
		{22E42A75-5547-4136-8192-26EF598494FD}.Release|Any CPU.Build.0 = Release|Any CPU
	EndGlobalSection
EndGlobal
